{
  "name": "useSanketDsaPkg",
  "lockfileVersion": 3,
  "requires": true,
  "packages": {
    "": {
      "dependencies": {
        "advanceddsa.js": "^1.0.5"
      }
    },
    "node_modules/advanceddsa.js": {
      "version": "1.0.5",
      "resolved": "https://registry.npmjs.org/advanceddsa.js/-/advanceddsa.js-1.0.5.tgz",
      "integrity": "sha512-ak41fiGVhPzFdbjEm8Ew0xzbAyoH8+VVTdOf8E6SlIhHFNVZJIJbsYMv/A09iRvjmub2ZYEaEuAYNptWx0LFZw==",
      "license": "ISC"
    }
  }
}
